
Microsoft Visual Studio Solution File, Format Version 12.00
# Visual Studio Version 16
VisualStudioVersion = 16.0.30804.86
MinimumVisualStudioVersion = 10.0.40219.1
Project("{FAE04EC0-301F-11D3-BF4B-00C04F79EFBC}") = "WPF-Learn", "WPF-Learn\WPF-Learn.csproj", "{98476177-2966-4D12-8662-5E00E5F48A7D}"
EndProject
Project("{FAE04EC0-301F-11D3-BF4B-00C04F79EFBC}") = "RoutedEventTest", "RoutedEventTest\RoutedEventTest.csproj", "{A819C860-3080-4485-9A55-337112CCA833}"
EndProject
Project("{FAE04EC0-301F-11D3-BF4B-00C04F79EFBC}") = "RoutedEventTestPreview", "RoutedEventTestPreview\RoutedEventTestPreview.csproj", "{B38EC822-41BE-43F3-A8B8-FBBCF1733247}"
EndProject
Global
	GlobalSection(SolutionConfigurationPlatforms) = preSolution
		Debug|Any CPU = Debug|Any CPU
		Release|Any CPU = Release|Any CPU
	EndGlobalSection
	GlobalSection(ProjectConfigurationPlatforms) = postSolution
		{98476177-2966-4D12-8662-5E00E5F48A7D}.Debug|Any CPU.ActiveCfg = Debug|Any CPU
		{98476177-2966-4D12-8662-5E00E5F48A7D}.Debug|Any CPU.Build.0 = Debug|Any CPU
		{98476177-2966-4D12-8662-5E00E5F48A7D}.Release|Any CPU.ActiveCfg = Release|Any CPU
		{98476177-2966-4D12-8662-5E00E5F48A7D}.Release|Any CPU.Build.0 = Release|Any CPU
		{A819C860-3080-4485-9A55-337112CCA833}.Debug|Any CPU.ActiveCfg = Debug|Any CPU
		{A819C860-3080-4485-9A55-337112CCA833}.Debug|Any CPU.Build.0 = Debug|Any CPU
		{A819C860-3080-4485-9A55-337112CCA833}.Release|Any CPU.ActiveCfg = Release|Any CPU
		{A819C860-3080-4485-9A55-337112CCA833}.Release|Any CPU.Build.0 = Release|Any CPU
		{B38EC822-41BE-43F3-A8B8-FBBCF1733247}.Debug|Any CPU.ActiveCfg = Debug|Any CPU
		{B38EC822-41BE-43F3-A8B8-FBBCF1733247}.Debug|Any CPU.Build.0 = Debug|Any CPU
		{B38EC822-41BE-43F3-A8B8-FBBCF1733247}.Release|Any CPU.ActiveCfg = Release|Any CPU
		{B38EC822-41BE-43F3-A8B8-FBBCF1733247}.Release|Any CPU.Build.0 = Release|Any CPU
	EndGlobalSection
	GlobalSection(SolutionProperties) = preSolution
		HideSolutionNode = FALSE
	EndGlobalSection
	GlobalSection(ExtensibilityGlobals) = postSolution
		SolutionGuid = {2CBAE684-B808-45C7-BBEF-DD302DA08A25}
	EndGlobalSection
EndGlobal
